
Microsoft Visual Studio Solution File, Format Version 12.00
# Visual Studio Version 17
VisualStudioVersion = 17.3.32922.545
MinimumVisualStudioVersion = 10.0.40219.1
Project("{FAE04EC0-301F-11D3-BF4B-00C04F79EFBC}") = "CapaPresentacion", "CapaPresentacion.csproj", "{4ECDBA54-6C4C-47CD-8DF3-31EC7E91B58C}"
EndProject
Project("{FAE04EC0-301F-11D3-BF4B-00C04F79EFBC}") = "CapaEntidad", "..\CapaEntidad\CapaEntidad.csproj", "{99AB16B9-16CA-441D-B789-D96C4056CA25}"
EndProject
Project("{FAE04EC0-301F-11D3-BF4B-00C04F79EFBC}") = "CapaNegocio", "..\CapaNegocio\CapaNegocio.csproj", "{D0448D41-6A8A-41C5-8E28-E377A32812AF}"
EndProject
Project("{FAE04EC0-301F-11D3-BF4B-00C04F79EFBC}") = "CapaDatos", "..\CapaDatos\CapaDatos.csproj", "{8F941A94-DA55-4C59-80EF-A5FB3B9EEAF1}"
EndProject
Global
	GlobalSection(SolutionConfigurationPlatforms) = preSolution
		Debug|Any CPU = Debug|Any CPU
		Release|Any CPU = Release|Any CPU
	EndGlobalSection
	GlobalSection(ProjectConfigurationPlatforms) = postSolution
		{4ECDBA54-6C4C-47CD-8DF3-31EC7E91B58C}.Debug|Any CPU.ActiveCfg = Debug|Any CPU
		{4ECDBA54-6C4C-47CD-8DF3-31EC7E91B58C}.Debug|Any CPU.Build.0 = Debug|Any CPU
		{4ECDBA54-6C4C-47CD-8DF3-31EC7E91B58C}.Release|Any CPU.ActiveCfg = Release|Any CPU
		{4ECDBA54-6C4C-47CD-8DF3-31EC7E91B58C}.Release|Any CPU.Build.0 = Release|Any CPU
		{99AB16B9-16CA-441D-B789-D96C4056CA25}.Debug|Any CPU.ActiveCfg = Debug|Any CPU
		{99AB16B9-16CA-441D-B789-D96C4056CA25}.Debug|Any CPU.Build.0 = Debug|Any CPU
		{99AB16B9-16CA-441D-B789-D96C4056CA25}.Release|Any CPU.ActiveCfg = Release|Any CPU
		{99AB16B9-16CA-441D-B789-D96C4056CA25}.Release|Any CPU.Build.0 = Release|Any CPU
		{D0448D41-6A8A-41C5-8E28-E377A32812AF}.Debug|Any CPU.ActiveCfg = Debug|Any CPU
		{D0448D41-6A8A-41C5-8E28-E377A32812AF}.Debug|Any CPU.Build.0 = Debug|Any CPU
		{D0448D41-6A8A-41C5-8E28-E377A32812AF}.Release|Any CPU.ActiveCfg = Release|Any CPU
		{D0448D41-6A8A-41C5-8E28-E377A32812AF}.Release|Any CPU.Build.0 = Release|Any CPU
		{8F941A94-DA55-4C59-80EF-A5FB3B9EEAF1}.Debug|Any CPU.ActiveCfg = Debug|Any CPU
		{8F941A94-DA55-4C59-80EF-A5FB3B9EEAF1}.Debug|Any CPU.Build.0 = Debug|Any CPU
		{8F941A94-DA55-4C59-80EF-A5FB3B9EEAF1}.Release|Any CPU.ActiveCfg = Release|Any CPU
		{8F941A94-DA55-4C59-80EF-A5FB3B9EEAF1}.Release|Any CPU.Build.0 = Release|Any CPU
	EndGlobalSection
	GlobalSection(SolutionProperties) = preSolution
		HideSolutionNode = FALSE
	EndGlobalSection
	GlobalSection(ExtensibilityGlobals) = postSolution
		SolutionGuid = {F1EDC2F0-6041-49F0-A6F0-0E2A75A418F2}
	EndGlobalSection
EndGlobal
