
Microsoft Visual Studio Solution File, Format Version 12.00
# Visual Studio Version 17
VisualStudioVersion = 17.3.32922.545
MinimumVisualStudioVersion = 10.0.40219.1
Project("{FAE04EC0-301F-11D3-BF4B-00C04F79EFBC}") = "ParqueNatural_DanielOrtega", "ParqueNatural_DanielOrtega.csproj", "{A0C3C168-7CF5-4C3E-B767-B61BFCDA23AD}"
EndProject
Global
	GlobalSection(SolutionConfigurationPlatforms) = preSolution
		Debug|Any CPU = Debug|Any CPU
		Release|Any CPU = Release|Any CPU
	EndGlobalSection
	GlobalSection(ProjectConfigurationPlatforms) = postSolution
		{A0C3C168-7CF5-4C3E-B767-B61BFCDA23AD}.Debug|Any CPU.ActiveCfg = Debug|Any CPU
		{A0C3C168-7CF5-4C3E-B767-B61BFCDA23AD}.Debug|Any CPU.Build.0 = Debug|Any CPU
		{A0C3C168-7CF5-4C3E-B767-B61BFCDA23AD}.Release|Any CPU.ActiveCfg = Release|Any CPU
		{A0C3C168-7CF5-4C3E-B767-B61BFCDA23AD}.Release|Any CPU.Build.0 = Release|Any CPU
	EndGlobalSection
	GlobalSection(SolutionProperties) = preSolution
		HideSolutionNode = FALSE
	EndGlobalSection
	GlobalSection(ExtensibilityGlobals) = postSolution
		SolutionGuid = {85788641-94D3-4021-B045-8909B66CC6D1}
	EndGlobalSection
EndGlobal
