
Microsoft Visual Studio Solution File, Format Version 12.00
# Visual Studio Version 17
VisualStudioVersion = 17.3.32922.545
MinimumVisualStudioVersion = 10.0.40219.1
Project("{FAE04EC0-301F-11D3-BF4B-00C04F79EFBC}") = "DDI_Ejercicio2_Daniel_Ortega", "DDI_Ejercicio2_Daniel_Ortega.csproj", "{F38165B7-7622-4F8D-8748-AE81490AE204}"
EndProject
Global
	GlobalSection(SolutionConfigurationPlatforms) = preSolution
		Debug|Any CPU = Debug|Any CPU
		Release|Any CPU = Release|Any CPU
	EndGlobalSection
	GlobalSection(ProjectConfigurationPlatforms) = postSolution
		{F38165B7-7622-4F8D-8748-AE81490AE204}.Debug|Any CPU.ActiveCfg = Debug|Any CPU
		{F38165B7-7622-4F8D-8748-AE81490AE204}.Debug|Any CPU.Build.0 = Debug|Any CPU
		{F38165B7-7622-4F8D-8748-AE81490AE204}.Release|Any CPU.ActiveCfg = Release|Any CPU
		{F38165B7-7622-4F8D-8748-AE81490AE204}.Release|Any CPU.Build.0 = Release|Any CPU
	EndGlobalSection
	GlobalSection(SolutionProperties) = preSolution
		HideSolutionNode = FALSE
	EndGlobalSection
	GlobalSection(ExtensibilityGlobals) = postSolution
		SolutionGuid = {5FE16C4F-0ED3-43E6-927B-944C5EB61C86}
	EndGlobalSection
EndGlobal
